
Microsoft Visual Studio Solution File, Format Version 12.00
# Visual Studio Version 17
VisualStudioVersion = 17.4.33205.214
MinimumVisualStudioVersion = 10.0.40219.1
Project("{FAE04EC0-301F-11D3-BF4B-00C04F79EFBC}") = "pcman game", "pcman game\pcman game.csproj", "{F450827E-7A4B-4160-B704-912B231BA509}"
EndProject
Global
	GlobalSection(SolutionConfigurationPlatforms) = preSolution
		Debug|Any CPU = Debug|Any CPU
		Release|Any CPU = Release|Any CPU
	EndGlobalSection
	GlobalSection(ProjectConfigurationPlatforms) = postSolution
		{F450827E-7A4B-4160-B704-912B231BA509}.Debug|Any CPU.ActiveCfg = Debug|Any CPU
		{F450827E-7A4B-4160-B704-912B231BA509}.Debug|Any CPU.Build.0 = Debug|Any CPU
		{F450827E-7A4B-4160-B704-912B231BA509}.Release|Any CPU.ActiveCfg = Release|Any CPU
		{F450827E-7A4B-4160-B704-912B231BA509}.Release|Any CPU.Build.0 = Release|Any CPU
	EndGlobalSection
	GlobalSection(SolutionProperties) = preSolution
		HideSolutionNode = FALSE
	EndGlobalSection
	GlobalSection(ExtensibilityGlobals) = postSolution
		SolutionGuid = {5711756D-C8BB-458A-80DC-B9DDC1D8BB7F}
	EndGlobalSection
EndGlobal
